set_global_assignment -name FAMILY "Cyclone V"
set_global_assignment -name DEVICE 5CSEBA6U23I7
set_global_assignment -name TOP_LEVEL_ENTITY tms34020_leaf_synth_top
set_global_assignment -name PROJECT_OUTPUT_DIRECTORY ../../build/quartus_leaf_smoke
set_global_assignment -name SEARCH_PATH ../../../rtl

set_global_assignment -name SYSTEMVERILOG_FILE ../../../rtl/tms34020_pkg.sv
set_global_assignment -name SYSTEMVERILOG_FILE ../../../rtl/core/tms34020_decode.sv
set_global_assignment -name SYSTEMVERILOG_FILE ../../../rtl/core/tms34020_pc_execute.sv
set_global_assignment -name SYSTEMVERILOG_FILE ../../../rtl/core/tms34020_regfile.sv
set_global_assignment -name SYSTEMVERILOG_FILE ../../../rtl/core/tms34020_status.sv
set_global_assignment -name SYSTEMVERILOG_FILE ../../../rtl/core/tms34020_register_commit.sv
set_global_assignment -name SYSTEMVERILOG_FILE ../../../rtl/execute/tms34020_xy_arithmetic.sv
set_global_assignment -name SYSTEMVERILOG_FILE ../../../rtl/execute/tms34020_cmpxy.sv
set_global_assignment -name SYSTEMVERILOG_FILE ../../../rtl/execute/tms34020_addxyi.sv
set_global_assignment -name SYSTEMVERILOG_FILE ../../../rtl/execute/tms34020_binary_arithmetic.sv
set_global_assignment -name SYSTEMVERILOG_FILE ../../../rtl/execute/tms34020_divider.sv
set_global_assignment -name SYSTEMVERILOG_FILE ../../../rtl/execute/tms34020_multiplier.sv
set_global_assignment -name SYSTEMVERILOG_FILE ../../../rtl/memory/tms34020_swap_field.sv
set_global_assignment -name SYSTEMVERILOG_FILE ../../../rtl/memory/tms34020_field_store.sv
set_global_assignment -name SYSTEMVERILOG_FILE ../../../rtl/memory/tms34020_byte_store.sv
set_global_assignment -name SYSTEMVERILOG_FILE ../../../rtl/memory/tms34020_byte_load.sv
set_global_assignment -name SYSTEMVERILOG_FILE ../../../rtl/memory/tms34020_field_address_update.sv
set_global_assignment -name SYSTEMVERILOG_FILE ../../../rtl/memory/tms34020_field_pair_postincrement.sv
set_global_assignment -name SYSTEMVERILOG_FILE ../../../rtl/memory/tms34020_field_pair_predecrement.sv
set_global_assignment -name SYSTEMVERILOG_FILE ../../../rtl/memory/tms34020_field_offset_address.sv
set_global_assignment -name SYSTEMVERILOG_FILE ../../../rtl/memory/tms34020_absolute_address.sv
set_global_assignment -name SYSTEMVERILOG_FILE ../../../rtl/memory/tms34020_field_source_offset_postincrement.sv
set_global_assignment -name SYSTEMVERILOG_FILE ../../../rtl/memory/tms34020_field_load.sv
set_global_assignment -name SYSTEMVERILOG_FILE ../../../rtl/memory/tms34020_field_move.sv
set_global_assignment -name SYSTEMVERILOG_FILE ../../../rtl/memory/tms34020_byte_move.sv
set_global_assignment -name SYSTEMVERILOG_FILE ../../../rtl/memory/tms34020_multiple_register_control.sv
set_global_assignment -name SYSTEMVERILOG_FILE ../../../rtl/interrupts/tms34020_interrupt_return_control.sv
set_global_assignment -name SYSTEMVERILOG_FILE ../../../rtl/coprocessor/tms34020_coprocessor_command.sv
set_global_assignment -name SYSTEMVERILOG_FILE ../../../rtl/coprocessor/tms34020_coprocessor_register_write.sv
set_global_assignment -name SYSTEMVERILOG_FILE ../../../rtl/coprocessor/tms34020_coprocessor_register_read.sv
set_global_assignment -name SYSTEMVERILOG_FILE ../../../rtl/coprocessor/tms34020_coprocessor_memory_transfer.sv
set_global_assignment -name SYSTEMVERILOG_FILE ../../../rtl/execute/tms34020_bit_test.sv
set_global_assignment -name SYSTEMVERILOG_FILE ../../../rtl/execute/tms34020_field_extend.sv
set_global_assignment -name SYSTEMVERILOG_FILE ../../../rtl/execute/tms34020_cmpk.sv
set_global_assignment -name SYSTEMVERILOG_FILE ../../../rtl/execute/tms34020_lmo.sv
set_global_assignment -name SYSTEMVERILOG_FILE ../../../rtl/execute/tms34020_logical.sv
set_global_assignment -name SYSTEMVERILOG_FILE ../../../rtl/execute/tms34020_rmo.sv
set_global_assignment -name SYSTEMVERILOG_FILE ../../../rtl/execute/tms34020_rotate_left.sv
set_global_assignment -name SYSTEMVERILOG_FILE ../../../rtl/execute/tms34020_shift.sv
set_global_assignment -name SYSTEMVERILOG_FILE ../../../rtl/execute/tms34020_unary.sv
set_global_assignment -name SYSTEMVERILOG_FILE ../../../rtl/execute/tms34020_register_execute.sv
set_global_assignment -name SYSTEMVERILOG_FILE ../../../rtl/graphics/tms34020_pitch_conversion.sv
set_global_assignment -name SYSTEMVERILOG_FILE ../../../rtl/graphics/tms34020_pixel_size_ops.sv
set_global_assignment -name SYSTEMVERILOG_FILE ../../../rtl/graphics/tms34020_pixel_replicate.sv
set_global_assignment -name SYSTEMVERILOG_FILE ../../../rtl/graphics/tms34020_window_compare.sv
set_global_assignment -name SYSTEMVERILOG_FILE ../../../rtl/graphics/tms34020_line_initialize.sv
set_global_assignment -name SYSTEMVERILOG_FILE ../../../rtl/graphics/tms34020_array_clip.sv
set_global_assignment -name SYSTEMVERILOG_FILE ../../../rtl/graphics/tms34020_find_pixel_step.sv
set_global_assignment -name SYSTEMVERILOG_FILE ../../../rtl/graphics/tms34020_drav_step.sv
set_global_assignment -name SYSTEMVERILOG_FILE ../../../rtl/graphics/tms34020_fill_step.sv
set_global_assignment -name SYSTEMVERILOG_FILE ../../../rtl/graphics/tms34020_pfill_step.sv
set_global_assignment -name SYSTEMVERILOG_FILE ../../../rtl/graphics/tms34020_fline_step.sv
set_global_assignment -name SYSTEMVERILOG_FILE ../../../rtl/graphics/tms34020_xy_to_linear.sv
set_global_assignment -name SYSTEMVERILOG_FILE tms34020_leaf_synth_top.sv

set_global_assignment -name SDC_FILE tms34020_leaf_smoke.sdc
set_global_assignment -name NUM_PARALLEL_PROCESSORS 16
